// !$*UTF8*$!
{
	archiveVersion = 1;
	classes = {
	};
	objectVersion = 46;
	objects = {

/* Begin PBXBuildFile section */
		DC0C99A21BDA01420094954B /* main.m in Sources */ = {isa = PBXBuildFile; fileRef = DC0C99A11BDA01420094954B /* main.m */; };
		DC0C99A51BDA01420094954B /* AppDelegate.m in Sources */ = {isa = PBXBuildFile; fileRef = DC0C99A41BDA01420094954B /* AppDelegate.m */; };
		DC0C99A81BDA01420094954B /* ViewController.m in Sources */ = {isa = PBXBuildFile; fileRef = DC0C99A71BDA01420094954B /* ViewController.m */; };
		DC0C99AB1BDA01420094954B /* Main.storyboard in Resources */ = {isa = PBXBuildFile; fileRef = DC0C99A91BDA01420094954B /* Main.storyboard */; };
		DC0C99AD1BDA01420094954B /* Assets.xcassets in Resources */ = {isa = PBXBuildFile; fileRef = DC0C99AC1BDA01420094954B /* Assets.xcassets */; };
		DC0C99B01BDA01430094954B /* LaunchScreen.storyboard in Resources */ = {isa = PBXBuildFile; fileRef = DC0C99AE1BDA01430094954B /* LaunchScreen.storyboard */; };
		DC0C99BA1BDA01F30094954B /* TagListView.m in Sources */ = {isa = PBXBuildFile; fileRef = DC0C99B91BDA01F30094954B /* TagListView.m */; settings = {ASSET_TAGS = (); }; };
/* End PBXBuildFile section */

/* Begin PBXFileReference section */
		DC0C999D1BDA01420094954B /* TagListDemo.app */ = {isa = PBXFileReference; explicitFileType = wrapper.application; includeInIndex = 0; path = TagListDemo.app; sourceTree = BUILT_PRODUCTS_DIR; };
		DC0C99A11BDA01420094954B /* main.m */ = {isa = PBXFileReference; lastKnownFileType = sourcecode.c.objc; path = main.m; sourceTree = "<group>"; };
		DC0C99A31BDA01420094954B /* AppDelegate.h */ = {isa = PBXFileReference; lastKnownFileType = sourcecode.c.h; path = AppDelegate.h; sourceTree = "<group>"; };
		DC0C99A41BDA01420094954B /* AppDelegate.m */ = {isa = PBXFileReference; lastKnownFileType = sourcecode.c.objc; path = AppDelegate.m; sourceTree = "<group>"; };
		DC0C99A61BDA01420094954B /* ViewController.h */ = {isa = PBXFileReference; lastKnownFileType = sourcecode.c.h; path = ViewController.h; sourceTree = "<group>"; };
		DC0C99A71BDA01420094954B /* ViewController.m */ = {isa = PBXFileReference; lastKnownFileType = sourcecode.c.objc; path = ViewController.m; sourceTree = "<group>"; };
		DC0C99AA1BDA01420094954B /* Base */ = {isa = PBXFileReference; lastKnownFileType = file.storyboard; name = Base; path = Base.lproj/Main.storyboard; sourceTree = "<group>"; };
		DC0C99AC1BDA01420094954B /* Assets.xcassets */ = {isa = PBXFileReference; lastKnownFileType = folder.assetcatalog; path = Assets.xcassets; sourceTree = "<group>"; };
		DC0C99AF1BDA01430094954B /* Base */ = {isa = PBXFileReference; lastKnownFileType = file.storyboard; name = Base; path = Base.lproj/LaunchScreen.storyboard; sourceTree = "<group>"; };
		DC0C99B11BDA01430094954B /* Info.plist */ = {isa = PBXFileReference; lastKnownFileType = text.plist.xml; path = Info.plist; sourceTree = "<group>"; };
		DC0C99B81BDA01F30094954B /* TagListView.h */ = {isa = PBXFileReference; fileEncoding = 4; lastKnownFileType = sourcecode.c.h; path = TagListView.h; sourceTree = "<group>"; };
		DC0C99B91BDA01F30094954B /* TagListView.m */ = {isa = PBXFileReference; fileEncoding = 4; lastKnownFileType = sourcecode.c.objc; path = TagListView.m; sourceTree = "<group>"; };
/* End PBXFileReference section */

/* Begin PBXFrameworksBuildPhase section */
		DC0C999A1BDA01420094954B /* Frameworks */ = {
			isa = PBXFrameworksBuildPhase;
			buildActionMask = 2147483647;
			files = (
			);
			runOnlyForDeploymentPostprocessing = 0;
		};
/* End PBXFrameworksBuildPhase section */

/* Begin PBXGroup section */
		DC0C99941BDA01420094954B = {
			isa = PBXGroup;
			children = (
				DC0C999F1BDA01420094954B /* TagListDemo */,
				DC0C999E1BDA01420094954B /* Products */,
			);
			sourceTree = "<group>";
		};
		DC0C999E1BDA01420094954B /* Products */ = {
			isa = PBXGroup;
			children = (
				DC0C999D1BDA01420094954B /* TagListDemo.app */,
			);
			name = Products;
			sourceTree = "<group>";
		};
		DC0C999F1BDA01420094954B /* TagListDemo */ = {
			isa = PBXGroup;
			children = (
				DC0C99B71BDA01620094954B /* TagList */,
				DC0C99A31BDA01420094954B /* AppDelegate.h */,
				DC0C99A41BDA01420094954B /* AppDelegate.m */,
				DC0C99A61BDA01420094954B /* ViewController.h */,
				DC0C99A71BDA01420094954B /* ViewController.m */,
				DC0C99A91BDA01420094954B /* Main.storyboard */,
				DC0C99AC1BDA01420094954B /* Assets.xcassets */,
				DC0C99AE1BDA01430094954B /* LaunchScreen.storyboard */,
				DC0C99B11BDA01430094954B /* Info.plist */,
				DC0C99A01BDA01420094954B /* Supporting Files */,
			);
			path = TagListDemo;
			sourceTree = "<group>";
		};
		DC0C99A01BDA01420094954B /* Supporting Files */ = {
			isa = PBXGroup;
			children = (
				DC0C99A11BDA01420094954B /* main.m */,
			);
			name = "Supporting Files";
			sourceTree = "<group>";
		};
		DC0C99B71BDA01620094954B /* TagList */ = {
			isa = PBXGroup;
			children = (
				DC0C99B81BDA01F30094954B /* TagListView.h */,
				DC0C99B91BDA01F30094954B /* TagListView.m */,
			);
			path = TagList;
			sourceTree = "<group>";
		};
/* End PBXGroup section */

/* Begin PBXNativeTarget section */
		DC0C999C1BDA01420094954B /* TagListDemo */ = {
			isa = PBXNativeTarget;
			buildConfigurationList = DC0C99B41BDA01430094954B /* Build configuration list for PBXNativeTarget "TagListDemo" */;
			buildPhases = (
				DC0C99991BDA01420094954B /* Sources */,
				DC0C999A1BDA01420094954B /* Frameworks */,
				DC0C999B1BDA01420094954B /* Resources */,
			);
			buildRules = (
			);
			dependencies = (
			);
			name = TagListDemo;
			productName = TagListDemo;
			productReference = DC0C999D1BDA01420094954B /* TagListDemo.app */;
			productType = "com.apple.product-type.application";
		};
/* End PBXNativeTarget section */

/* Begin PBXProject section */
		DC0C99951BDA01420094954B /* Project object */ = {
			isa = PBXProject;
			attributes = {
				LastUpgradeCheck = 0700;
				ORGANIZATIONNAME = Adinnet;
				TargetAttributes = {
					DC0C999C1BDA01420094954B = {
						CreatedOnToolsVersion = 7.0;
					};
				};
			};
			buildConfigurationList = DC0C99981BDA01420094954B /* Build configuration list for PBXProject "TagListDemo" */;
			compatibilityVersion = "Xcode 3.2";
			developmentRegion = English;
			hasScannedForEncodings = 0;
			knownRegions = (
				en,
				Base,
			);
			mainGroup = DC0C99941BDA01420094954B;
			productRefGroup = DC0C999E1BDA01420094954B /* Products */;
			projectDirPath = "";
			projectRoot = "";
			targets = (
				DC0C999C1BDA01420094954B /* TagListDemo */,
			);
		};
/* End PBXProject section */

/* Begin PBXResourcesBuildPhase section */
		DC0C999B1BDA01420094954B /* Resources */ = {
			isa = PBXResourcesBuildPhase;
			buildActionMask = 2147483647;
			files = (
				DC0C99B01BDA01430094954B /* LaunchScreen.storyboard in Resources */,
				DC0C99AD1BDA01420094954B /* Assets.xcassets in Resources */,
				DC0C99AB1BDA01420094954B /* Main.storyboard in Resources */,
			);
			runOnlyForDeploymentPostprocessing = 0;
		};
/* End PBXResourcesBuildPhase section */

/* Begin PBXSourcesBuildPhase section */
		DC0C99991BDA01420094954B /* Sources */ = {
			isa = PBXSourcesBuildPhase;
			buildActionMask = 2147483647;
			files = (
				DC0C99A81BDA01420094954B /* ViewController.m in Sources */,
				DC0C99A51BDA01420094954B /* AppDelegate.m in Sources */,
				DC0C99A21BDA01420094954B /* main.m in Sources */,
				DC0C99BA1BDA01F30094954B /* TagListView.m in Sources */,
			);
			runOnlyForDeploymentPostprocessing = 0;
		};
/* End PBXSourcesBuildPhase section */

/* Begin PBXVariantGroup section */
		DC0C99A91BDA01420094954B /* Main.storyboard */ = {
			isa = PBXVariantGroup;
			children = (
				DC0C99AA1BDA01420094954B /* Base */,
			);
			name = Main.storyboard;
			sourceTree = "<group>";
		};
		DC0C99AE1BDA01430094954B /* LaunchScreen.storyboard */ = {
			isa = PBXVariantGroup;
			children = (
				DC0C99AF1BDA01430094954B /* Base */,
			);
			name = LaunchScreen.storyboard;
			sourceTree = "<group>";
		};
/* End PBXVariantGroup section */

/* Begin XCBuildConfiguration section */
		DC0C99B21BDA01430094954B /* Debug */ = {
			isa = XCBuildConfiguration;
			buildSettings = {
				ALWAYS_SEARCH_USER_PATHS = NO;
				CLANG_CXX_LANGUAGE_STANDARD = "gnu++0x";
				CLANG_CXX_LIBRARY = "libc++";
				CLANG_ENABLE_MODULES = YES;
				CLANG_ENABLE_OBJC_ARC = YES;
				CLANG_WARN_BOOL_CONVERSION = YES;
				CLANG_WARN_CONSTANT_CONVERSION = YES;
				CLANG_WARN_DIRECT_OBJC_ISA_USAGE = YES_ERROR;
				CLANG_WARN_EMPTY_BODY = YES;
				CLANG_WARN_ENUM_CONVERSION = YES;
				CLANG_WARN_INT_CONVERSION = YES;
				CLANG_WARN_OBJC_ROOT_CLASS = YES_ERROR;
				CLANG_WARN_UNREACHABLE_CODE = YES;
				CLANG_WARN__DUPLICATE_METHOD_MATCH = YES;
				"CODE_SIGN_IDENTITY[sdk=iphoneos*]" = "iPhone Developer";
				COPY_PHASE_STRIP = NO;
				DEBUG_INFORMATION_FORMAT = dwarf;
				ENABLE_STRICT_OBJC_MSGSEND = YES;
				ENABLE_TESTABILITY = YES;
				GCC_C_LANGUAGE_STANDARD = gnu99;
				GCC_DYNAMIC_NO_PIC = NO;
				GCC_NO_COMMON_BLOCKS = YES;
				GCC_OPTIMIZATION_LEVEL = 0;
				GCC_PREPROCESSOR_DEFINITIONS = (
					"DEBUG=1",
					"$(inherited)",
				);
				GCC_WARN_64_TO_32_BIT_CONVERSION = YES;
				GCC_WARN_ABOUT_RETURN_TYPE = YES_ERROR;
				GCC_WARN_UNDECLARED_SELECTOR = YES;
				GCC_WARN_UNINITIALIZED_AUTOS = YES_AGGRESSIVE;
				GCC_WARN_UNUSED_FUNCTION = YES;
				GCC_WARN_UNUSED_VARIABLE = YES;
				IPHONEOS_DEPLOYMENT_TARGET = 7.0;
				MTL_ENABLE_DEBUG_INFO = YES;
				ONLY_ACTIVE_ARCH = YES;
				SDKROOT = iphoneos;
			};
			name = Debug;
		};
		DC0C99B31BDA01430094954B /* Release */ = {
			isa = XCBuildConfiguration;
			buildSettings = {
				ALWAYS_SEARCH_USER_PATHS = NO;
				CLANG_CXX_LANGUAGE_STANDARD = "gnu++0x";
				CLANG_CXX_LIBRARY = "libc++";
				CLANG_ENABLE_MODULES = YES;
				CLANG_ENABLE_OBJC_ARC = YES;
				CLANG_WARN_BOOL_CONVERSION = YES;
				CLANG_WARN_CONSTANT_CONVERSION = YES;
				CLANG_WARN_DIRECT_OBJC_ISA_USAGE = YES_ERROR;
				CLANG_WARN_EMPTY_BODY = YES;
				CLANG_WARN_ENUM_CONVERSION = YES;
				CLANG_WARN_INT_CONVERSION = YES;
				CLANG_WARN_OBJC_ROOT_CLASS = YES_ERROR;
				CLANG_WARN_UNREACHABLE_CODE = YES;
				CLANG_WARN__DUPLICATE_METHOD_MATCH = YES;
				"CODE_SIGN_IDENTITY[sdk=iphoneos*]" = "iPhone Developer";
				COPY_PHASE_STRIP = NO;
				DEBUG_INFORMATION_FORMAT = "dwarf-with-dsym";
				ENABLE_NS_ASSERTIONS = NO;
				ENABLE_STRICT_OBJC_MSGSEND = YES;
				GCC_C_LANGUAGE_STANDARD = gnu99;
				GCC_NO_COMMON_BLOCKS = YES;
				GCC_WARN_64_TO_32_BIT_CONVERSION = YES;
				GCC_WARN_ABOUT_RETURN_TYPE = YES_ERROR;
				GCC_WARN_UNDECLARED_SELECTOR = YES;
				GCC_WARN_UNINITIALIZED_AUTOS = YES_AGGRESSIVE;
				GCC_WARN_UNUSED_FUNCTION = YES;
				GCC_WARN_UNUSED_VARIABLE = YES;
				IPHONEOS_DEPLOYMENT_TARGET = 7.0;
				MTL_ENABLE_DEBUG_INFO = NO;
				SDKROOT = iphoneos;
				VALIDATE_PRODUCT = YES;
			};
			name = Release;
		};
		DC0C99B51BDA01430094954B /* Debug */ = {
			isa = XCBuildConfiguration;
			buildSettings = {
				ASSETCATALOG_COMPILER_APPICON_NAME = AppIcon;
				INFOPLIST_FILE = TagListDemo/Info.plist;
				IPHONEOS_DEPLOYMENT_TARGET = 7.0;
				LD_RUNPATH_SEARCH_PATHS = "$(inherited) @executable_path/Frameworks";
				PRODUCT_BUNDLE_IDENTIFIER = com.wddev.TagListDemo;
				PRODUCT_NAME = "$(TARGET_NAME)";
			};
			name = Debug;
		};
		DC0C99B61BDA01430094954B /* Release */ = {
			isa = XCBuildConfiguration;
			buildSettings = {
				ASSETCATALOG_COMPILER_APPICON_NAME = AppIcon;
				INFOPLIST_FILE = TagListDemo/Info.plist;
				IPHONEOS_DEPLOYMENT_TARGET = 7.0;
				LD_RUNPATH_SEARCH_PATHS = "$(inherited) @executable_path/Frameworks";
				PRODUCT_BUNDLE_IDENTIFIER = com.wddev.TagListDemo;
				PRODUCT_NAME = "$(TARGET_NAME)";
			};
			name = Release;
		};
/* End XCBuildConfiguration section */

/* Begin XCConfigurationList section */
		DC0C99981BDA01420094954B /* Build configuration list for PBXProject "TagListDemo" */ = {
			isa = XCConfigurationList;
			buildConfigurations = (
				DC0C99B21BDA01430094954B /* Debug */,
				DC0C99B31BDA01430094954B /* Release */,
			);
			defaultConfigurationIsVisible = 0;
			defaultConfigurationName = Release;
		};
		DC0C99B41BDA01430094954B /* Build configuration list for PBXNativeTarget "TagListDemo" */ = {
			isa = XCConfigurationList;
			buildConfigurations = (
				DC0C99B51BDA01430094954B /* Debug */,
				DC0C99B61BDA01430094954B /* Release */,
			);
			defaultConfigurationIsVisible = 0;
		};
/* End XCConfigurationList section */
	};
	rootObject = DC0C99951BDA01420094954B /* Project object */;
}
